
Microsoft Visual Studio Solution File, Format Version 12.00
Project("{FAE04EC0-301F-11D3-BF4B-00C04F79EFBC}") = "Remora.Rest", "Remora.Rest\Remora.Rest.csproj", "{73CC33AB-6A72-47B4-80D7-4880340EF3DF}"
EndProject
Project("{2150E333-8FDC-42A3-9474-1A3956D46DE8}") = "Tests", "Tests", "{54F6B070-C37B-4D9B-98C9-1D69D17791CC}"
EndProject
Project("{FAE04EC0-301F-11D3-BF4B-00C04F79EFBC}") = "Remora.Rest.Tests", "Tests\Remora.Rest.Tests\Remora.Rest.Tests.csproj", "{063999E1-511A-4EB8-9C23-9A2A19A97E56}"
EndProject
Project("{2150E333-8FDC-42A3-9474-1A3956D46DE8}") = "metadata", "metadata", "{0C122B49-2255-4E2E-A883-98270FC82290}"
ProjectSection(SolutionItems) = preProject
	Directory.Build.props = Directory.Build.props
	.gitignore = .gitignore
	README.md = README.md
EndProjectSection
EndProject
Project("{FAE04EC0-301F-11D3-BF4B-00C04F79EFBC}") = "Remora.Rest.Xunit", "Remora.Rest.Xunit\Remora.Rest.Xunit.csproj", "{E289F7EF-3A06-40BE-A31D-4B1872F6DB7B}"
EndProject
Project("{FAE04EC0-301F-11D3-BF4B-00C04F79EFBC}") = "Remora.Rest.Xunit.Tests", "Tests\Remora.Rest.Xunit.Tests\Remora.Rest.Xunit.Tests.csproj", "{F22AB5D2-E9E0-406E-80A6-B4D286F8991A}"
EndProject
Project("{FAE04EC0-301F-11D3-BF4B-00C04F79EFBC}") = "Remora.Rest.Core", "Remora.Rest.Core\Remora.Rest.Core.csproj", "{0CEAAFF8-2D09-40CE-99C0-90E668A0FDC3}"
EndProject
Project("{FAE04EC0-301F-11D3-BF4B-00C04F79EFBC}") = "Remora.Rest.Core.Tests", "Tests\Remora.Rest.Core.Tests\Remora.Rest.Core.Tests.csproj", "{9B0244DE-B9DF-4FB9-8AB5-CB047EEE1B30}"
EndProject
Project("{2150E333-8FDC-42A3-9474-1A3956D46DE8}") = ".github", ".github", "{F087BFD0-3A27-44ED-9F7F-9B0E0269CEE3}"
EndProject
Project("{2150E333-8FDC-42A3-9474-1A3956D46DE8}") = "workflows", "workflows", "{893C17E9-9974-4E88-96F7-333C560B4A2C}"
	ProjectSection(SolutionItems) = preProject
		.github\workflows\dotnet.yml = .github\workflows\dotnet.yml
	EndProjectSection
EndProject
Global
	GlobalSection(SolutionConfigurationPlatforms) = preSolution
		Debug|Any CPU = Debug|Any CPU
		Release|Any CPU = Release|Any CPU
	EndGlobalSection
	GlobalSection(ProjectConfigurationPlatforms) = postSolution
		{73CC33AB-6A72-47B4-80D7-4880340EF3DF}.Debug|Any CPU.ActiveCfg = Debug|Any CPU
		{73CC33AB-6A72-47B4-80D7-4880340EF3DF}.Debug|Any CPU.Build.0 = Debug|Any CPU
		{73CC33AB-6A72-47B4-80D7-4880340EF3DF}.Release|Any CPU.ActiveCfg = Release|Any CPU
		{73CC33AB-6A72-47B4-80D7-4880340EF3DF}.Release|Any CPU.Build.0 = Release|Any CPU
		{063999E1-511A-4EB8-9C23-9A2A19A97E56}.Debug|Any CPU.ActiveCfg = Debug|Any CPU
		{063999E1-511A-4EB8-9C23-9A2A19A97E56}.Debug|Any CPU.Build.0 = Debug|Any CPU
		{063999E1-511A-4EB8-9C23-9A2A19A97E56}.Release|Any CPU.ActiveCfg = Release|Any CPU
		{063999E1-511A-4EB8-9C23-9A2A19A97E56}.Release|Any CPU.Build.0 = Release|Any CPU
		{E289F7EF-3A06-40BE-A31D-4B1872F6DB7B}.Debug|Any CPU.ActiveCfg = Debug|Any CPU
		{E289F7EF-3A06-40BE-A31D-4B1872F6DB7B}.Debug|Any CPU.Build.0 = Debug|Any CPU
		{E289F7EF-3A06-40BE-A31D-4B1872F6DB7B}.Release|Any CPU.ActiveCfg = Release|Any CPU
		{E289F7EF-3A06-40BE-A31D-4B1872F6DB7B}.Release|Any CPU.Build.0 = Release|Any CPU
		{F22AB5D2-E9E0-406E-80A6-B4D286F8991A}.Debug|Any CPU.ActiveCfg = Debug|Any CPU
		{F22AB5D2-E9E0-406E-80A6-B4D286F8991A}.Debug|Any CPU.Build.0 = Debug|Any CPU
		{F22AB5D2-E9E0-406E-80A6-B4D286F8991A}.Release|Any CPU.ActiveCfg = Release|Any CPU
		{F22AB5D2-E9E0-406E-80A6-B4D286F8991A}.Release|Any CPU.Build.0 = Release|Any CPU
		{0CEAAFF8-2D09-40CE-99C0-90E668A0FDC3}.Debug|Any CPU.ActiveCfg = Debug|Any CPU
		{0CEAAFF8-2D09-40CE-99C0-90E668A0FDC3}.Debug|Any CPU.Build.0 = Debug|Any CPU
		{0CEAAFF8-2D09-40CE-99C0-90E668A0FDC3}.Release|Any CPU.ActiveCfg = Release|Any CPU
		{0CEAAFF8-2D09-40CE-99C0-90E668A0FDC3}.Release|Any CPU.Build.0 = Release|Any CPU
		{9B0244DE-B9DF-4FB9-8AB5-CB047EEE1B30}.Debug|Any CPU.ActiveCfg = Debug|Any CPU
		{9B0244DE-B9DF-4FB9-8AB5-CB047EEE1B30}.Debug|Any CPU.Build.0 = Debug|Any CPU
		{9B0244DE-B9DF-4FB9-8AB5-CB047EEE1B30}.Release|Any CPU.ActiveCfg = Release|Any CPU
		{9B0244DE-B9DF-4FB9-8AB5-CB047EEE1B30}.Release|Any CPU.Build.0 = Release|Any CPU
	EndGlobalSection
	GlobalSection(NestedProjects) = preSolution
		{063999E1-511A-4EB8-9C23-9A2A19A97E56} = {54F6B070-C37B-4D9B-98C9-1D69D17791CC}
		{F22AB5D2-E9E0-406E-80A6-B4D286F8991A} = {54F6B070-C37B-4D9B-98C9-1D69D17791CC}
		{9B0244DE-B9DF-4FB9-8AB5-CB047EEE1B30} = {54F6B070-C37B-4D9B-98C9-1D69D17791CC}
		{F087BFD0-3A27-44ED-9F7F-9B0E0269CEE3} = {0C122B49-2255-4E2E-A883-98270FC82290}
		{893C17E9-9974-4E88-96F7-333C560B4A2C} = {F087BFD0-3A27-44ED-9F7F-9B0E0269CEE3}
	EndGlobalSection
EndGlobal
